// !$*UTF8*$!
{
	archiveVersion = 1;
	classes = {
	};
	objectVersion = 46;
	objects = {

/* Begin PBXAggregateTarget section */
		24416B8111C4CA220047AFDD /* Build & Test */ = {
			isa = PBXAggregateTarget;
			buildConfigurationList = 24416B8A11C4CA520047AFDD /* Build configuration list for PBXAggregateTarget "Build & Test" */;
			buildPhases = (
				24416B8011C4CA220047AFDD /* ShellScript */,
			);
			dependencies = (
				24416B8511C4CA280047AFDD /* PBXTargetDependency */,
			);
			name = "Build & Test";
			productName = "Build & test";
		};
/* End PBXAggregateTarget section */

/* Begin PBXBuildFile section */
		22A2D5861965C39C00BB5519 /* StarIO.framework in Frameworks */ = {isa = PBXBuildFile; fileRef = 22A2D5811965AFC600BB5519 /* StarIO.framework */; };
		22A2D58D196ACA0100BB5519 /* BluetoothPort.h in Headers */ = {isa = PBXBuildFile; fileRef = 22A2D588196ACA0100BB5519 /* BluetoothPort.h */; };
		22A2D58E196ACA0100BB5519 /* Port.h in Headers */ = {isa = PBXBuildFile; fileRef = 22A2D589196ACA0100BB5519 /* Port.h */; };
		22A2D58F196ACA0100BB5519 /* SMBluetoothManager.h in Headers */ = {isa = PBXBuildFile; fileRef = 22A2D58A196ACA0100BB5519 /* SMBluetoothManager.h */; };
		22A2D590196ACA0100BB5519 /* SMPort.h in Headers */ = {isa = PBXBuildFile; fileRef = 22A2D58B196ACA0100BB5519 /* SMPort.h */; };
		22A2D591196ACA0100BB5519 /* WBluetoothPort.h in Headers */ = {isa = PBXBuildFile; fileRef = 22A2D58C196ACA0100BB5519 /* WBluetoothPort.h */; };
		22A2D594196ACA1600BB5519 /* Platform.h in Headers */ = {isa = PBXBuildFile; fileRef = 22A2D592196ACA1600BB5519 /* Platform.h */; };
		22A2D595196ACA1600BB5519 /* StarIOPort.h in Headers */ = {isa = PBXBuildFile; fileRef = 22A2D593196ACA1600BB5519 /* StarIOPort.h */; };
		22A2D59A196AFAEC00BB5519 /* StarIO.framework in CopyFiles */ = {isa = PBXBuildFile; fileRef = 22A2D5811965AFC600BB5519 /* StarIO.framework */; };
		22A2D59E196B4A4200BB5519 /* Info.plist in Resources */ = {isa = PBXBuildFile; fileRef = 22A2D59D196B4A4200BB5519 /* Info.plist */; };
		22A2D5A1196C714500BB5519 /* module.xcconfig in Resources */ = {isa = PBXBuildFile; fileRef = 22A2D5A0196C714500BB5519 /* module.xcconfig */; };
		22A2D5A8196C75A500BB5519 /* PPNStarPrinter.h in Headers */ = {isa = PBXBuildFile; fileRef = 22A2D5A6196C75A500BB5519 /* PPNStarPrinter.h */; };
		22A2D5A9196C75A500BB5519 /* PPNStarPrinter.m in Sources */ = {isa = PBXBuildFile; fileRef = 22A2D5A7196C75A500BB5519 /* PPNStarPrinter.m */; };
		24DD6CFA1134B3F500162E58 /* ComPeoplenetReceiptprinterModule.m in Sources */ = {isa = PBXBuildFile; fileRef = 24DD6CF81134B3F500162E58 /* ComPeoplenetReceiptprinterModule.m */; };
		24DE9E1211C5FE74003F90F6 /* ComPeoplenetReceiptprinterModuleAssets.m in Sources */ = {isa = PBXBuildFile; fileRef = 24DE9E1011C5FE74003F90F6 /* ComPeoplenetReceiptprinterModuleAssets.m */; };
		AA747D9F0F9514B9006C5449 /* ComPeoplenetReceiptprinter_Prefix.pch in Headers */ = {isa = PBXBuildFile; fileRef = AA747D9E0F9514B9006C5449 /* ComPeoplenetReceiptprinter_Prefix.pch */; };
		AACBBE4A0F95108600F1A2B1 /* Foundation.framework in Frameworks */ = {isa = PBXBuildFile; fileRef = AACBBE490F95108600F1A2B1 /* Foundation.framework */; };
/* End PBXBuildFile section */

/* Begin PBXContainerItemProxy section */
		24416B8411C4CA280047AFDD /* PBXContainerItemProxy */ = {
			isa = PBXContainerItemProxy;
			containerPortal = 0867D690FE84028FC02AAC07 /* Project object */;
			proxyType = 1;
			remoteGlobalIDString = D2AAC07D0554694100DB518D;
			remoteInfo = receiptprinter;
		};
/* End PBXContainerItemProxy section */

/* Begin PBXCopyFilesBuildPhase section */
		22A2D5841965B03C00BB5519 /* CopyFiles */ = {
			isa = PBXCopyFilesBuildPhase;
			buildActionMask = 2147483647;
			dstPath = Frameworks;
			dstSubfolderSpec = 11;
			files = (
				22A2D59A196AFAEC00BB5519 /* StarIO.framework in CopyFiles */,
			);
			runOnlyForDeploymentPostprocessing = 0;
		};
/* End PBXCopyFilesBuildPhase section */

/* Begin PBXFileReference section */
		22A2D5811965AFC600BB5519 /* StarIO.framework */ = {isa = PBXFileReference; lastKnownFileType = wrapper.framework; path = StarIO.framework; sourceTree = "<group>"; };
		22A2D588196ACA0100BB5519 /* BluetoothPort.h */ = {isa = PBXFileReference; fileEncoding = 4; lastKnownFileType = sourcecode.c.h; name = BluetoothPort.h; path = StarIO.framework/Headers/BluetoothPort.h; sourceTree = "<group>"; };
		22A2D589196ACA0100BB5519 /* Port.h */ = {isa = PBXFileReference; fileEncoding = 4; lastKnownFileType = sourcecode.c.h; name = Port.h; path = StarIO.framework/Headers/Port.h; sourceTree = "<group>"; };
		22A2D58A196ACA0100BB5519 /* SMBluetoothManager.h */ = {isa = PBXFileReference; fileEncoding = 4; lastKnownFileType = sourcecode.c.h; name = SMBluetoothManager.h; path = StarIO.framework/Headers/SMBluetoothManager.h; sourceTree = "<group>"; };
		22A2D58B196ACA0100BB5519 /* SMPort.h */ = {isa = PBXFileReference; fileEncoding = 4; lastKnownFileType = sourcecode.c.h; name = SMPort.h; path = StarIO.framework/Headers/SMPort.h; sourceTree = "<group>"; };
		22A2D58C196ACA0100BB5519 /* WBluetoothPort.h */ = {isa = PBXFileReference; fileEncoding = 4; lastKnownFileType = sourcecode.c.h; name = WBluetoothPort.h; path = StarIO.framework/Headers/WBluetoothPort.h; sourceTree = "<group>"; };
		22A2D592196ACA1600BB5519 /* Platform.h */ = {isa = PBXFileReference; fileEncoding = 4; lastKnownFileType = sourcecode.c.h; name = Platform.h; path = StarIO.framework/Headers/starmicronics/Platform.h; sourceTree = "<group>"; };
		22A2D593196ACA1600BB5519 /* StarIOPort.h */ = {isa = PBXFileReference; fileEncoding = 4; lastKnownFileType = sourcecode.c.h; name = StarIOPort.h; path = StarIO.framework/Headers/starmicronics/StarIOPort.h; sourceTree = "<group>"; };
		22A2D59D196B4A4200BB5519 /* Info.plist */ = {isa = PBXFileReference; fileEncoding = 4; lastKnownFileType = text.plist.xml; path = Info.plist; sourceTree = "<group>"; };
		22A2D5A0196C714500BB5519 /* module.xcconfig */ = {isa = PBXFileReference; fileEncoding = 4; lastKnownFileType = text.xcconfig; path = module.xcconfig; sourceTree = "<group>"; };
		22A2D5A6196C75A500BB5519 /* PPNStarPrinter.h */ = {isa = PBXFileReference; fileEncoding = 4; lastKnownFileType = sourcecode.c.h; name = PPNStarPrinter.h; path = Classes/PPNStarPrinter.h; sourceTree = "<group>"; };
		22A2D5A7196C75A500BB5519 /* PPNStarPrinter.m */ = {isa = PBXFileReference; fileEncoding = 4; lastKnownFileType = sourcecode.c.objc; name = PPNStarPrinter.m; path = Classes/PPNStarPrinter.m; sourceTree = "<group>"; };
		24DD6CF71134B3F500162E58 /* ComPeoplenetReceiptprinterModule.h */ = {isa = PBXFileReference; fileEncoding = 4; lastKnownFileType = sourcecode.c.h; name = ComPeoplenetReceiptprinterModule.h; path = Classes/ComPeoplenetReceiptprinterModule.h; sourceTree = "<group>"; };
		24DD6CF81134B3F500162E58 /* ComPeoplenetReceiptprinterModule.m */ = {isa = PBXFileReference; fileEncoding = 4; lastKnownFileType = sourcecode.c.objc; name = ComPeoplenetReceiptprinterModule.m; path = Classes/ComPeoplenetReceiptprinterModule.m; sourceTree = "<group>"; };
		24DD6D1B1134B66800162E58 /* titanium.xcconfig */ = {isa = PBXFileReference; fileEncoding = 4; lastKnownFileType = text.xcconfig; path = titanium.xcconfig; sourceTree = "<group>"; };
		24DE9E0F11C5FE74003F90F6 /* ComPeoplenetReceiptprinterModuleAssets.h */ = {isa = PBXFileReference; fileEncoding = 4; lastKnownFileType = sourcecode.c.h; name = ComPeoplenetReceiptprinterModuleAssets.h; path = Classes/ComPeoplenetReceiptprinterModuleAssets.h; sourceTree = "<group>"; };
		24DE9E1011C5FE74003F90F6 /* ComPeoplenetReceiptprinterModuleAssets.m */ = {isa = PBXFileReference; fileEncoding = 4; lastKnownFileType = sourcecode.c.objc; name = ComPeoplenetReceiptprinterModuleAssets.m; path = Classes/ComPeoplenetReceiptprinterModuleAssets.m; sourceTree = "<group>"; };
		AA747D9E0F9514B9006C5449 /* ComPeoplenetReceiptprinter_Prefix.pch */ = {isa = PBXFileReference; fileEncoding = 4; lastKnownFileType = sourcecode.c.h; path = ComPeoplenetReceiptprinter_Prefix.pch; sourceTree = SOURCE_ROOT; };
		AACBBE490F95108600F1A2B1 /* Foundation.framework */ = {isa = PBXFileReference; lastKnownFileType = wrapper.framework; name = Foundation.framework; path = System/Library/Frameworks/Foundation.framework; sourceTree = SDKROOT; };
		D2AAC07E0554694100DB518D /* libComPeoplenetReceiptprinter.a */ = {isa = PBXFileReference; explicitFileType = archive.ar; includeInIndex = 0; path = libComPeoplenetReceiptprinter.a; sourceTree = BUILT_PRODUCTS_DIR; };
/* End PBXFileReference section */

/* Begin PBXFrameworksBuildPhase section */
		D2AAC07C0554694100DB518D /* Frameworks */ = {
			isa = PBXFrameworksBuildPhase;
			buildActionMask = 2147483647;
			files = (
				22A2D5861965C39C00BB5519 /* StarIO.framework in Frameworks */,
				AACBBE4A0F95108600F1A2B1 /* Foundation.framework in Frameworks */,
			);
			runOnlyForDeploymentPostprocessing = 0;
		};
/* End PBXFrameworksBuildPhase section */

/* Begin PBXGroup section */
		034768DFFF38A50411DB9C8B /* Products */ = {
			isa = PBXGroup;
			children = (
				D2AAC07E0554694100DB518D /* libComPeoplenetReceiptprinter.a */,
			);
			name = Products;
			sourceTree = "<group>";
		};
		0867D691FE84028FC02AAC07 /* receiptprinter */ = {
			isa = PBXGroup;
			children = (
				22A2D59D196B4A4200BB5519 /* Info.plist */,
				08FB77AEFE84172EC02AAC07 /* Classes */,
				32C88DFF0371C24200C91783 /* Other Sources */,
				0867D69AFE84028FC02AAC07 /* Frameworks */,
				034768DFFF38A50411DB9C8B /* Products */,
			);
			name = receiptprinter;
			sourceTree = "<group>";
		};
		0867D69AFE84028FC02AAC07 /* Frameworks */ = {
			isa = PBXGroup;
			children = (
				22A2D5811965AFC600BB5519 /* StarIO.framework */,
				AACBBE490F95108600F1A2B1 /* Foundation.framework */,
			);
			name = Frameworks;
			sourceTree = "<group>";
		};
		08FB77AEFE84172EC02AAC07 /* Classes */ = {
			isa = PBXGroup;
			children = (
				22A2D5A6196C75A500BB5519 /* PPNStarPrinter.h */,
				22A2D5A7196C75A500BB5519 /* PPNStarPrinter.m */,
				22A2D59F196C6F9900BB5519 /* StarIO */,
				24DE9E0F11C5FE74003F90F6 /* ComPeoplenetReceiptprinterModuleAssets.h */,
				24DE9E1011C5FE74003F90F6 /* ComPeoplenetReceiptprinterModuleAssets.m */,
				24DD6CF71134B3F500162E58 /* ComPeoplenetReceiptprinterModule.h */,
				24DD6CF81134B3F500162E58 /* ComPeoplenetReceiptprinterModule.m */,
			);
			name = Classes;
			sourceTree = "<group>";
		};
		22A2D59F196C6F9900BB5519 /* StarIO */ = {
			isa = PBXGroup;
			children = (
				22A2D592196ACA1600BB5519 /* Platform.h */,
				22A2D593196ACA1600BB5519 /* StarIOPort.h */,
				22A2D588196ACA0100BB5519 /* BluetoothPort.h */,
				22A2D589196ACA0100BB5519 /* Port.h */,
				22A2D58A196ACA0100BB5519 /* SMBluetoothManager.h */,
				22A2D58B196ACA0100BB5519 /* SMPort.h */,
				22A2D58C196ACA0100BB5519 /* WBluetoothPort.h */,
			);
			name = StarIO;
			sourceTree = "<group>";
		};
		32C88DFF0371C24200C91783 /* Other Sources */ = {
			isa = PBXGroup;
			children = (
				22A2D5A0196C714500BB5519 /* module.xcconfig */,
				AA747D9E0F9514B9006C5449 /* ComPeoplenetReceiptprinter_Prefix.pch */,
				24DD6D1B1134B66800162E58 /* titanium.xcconfig */,
			);
			name = "Other Sources";
			sourceTree = "<group>";
		};
/* End PBXGroup section */

/* Begin PBXHeadersBuildPhase section */
		D2AAC07A0554694100DB518D /* Headers */ = {
			isa = PBXHeadersBuildPhase;
			buildActionMask = 2147483647;
			files = (
				22A2D58D196ACA0100BB5519 /* BluetoothPort.h in Headers */,
				22A2D595196ACA1600BB5519 /* StarIOPort.h in Headers */,
				22A2D594196ACA1600BB5519 /* Platform.h in Headers */,
				AA747D9F0F9514B9006C5449 /* ComPeoplenetReceiptprinter_Prefix.pch in Headers */,
				22A2D58E196ACA0100BB5519 /* Port.h in Headers */,
				22A2D5A8196C75A500BB5519 /* PPNStarPrinter.h in Headers */,
				22A2D590196ACA0100BB5519 /* SMPort.h in Headers */,
				22A2D591196ACA0100BB5519 /* WBluetoothPort.h in Headers */,
				22A2D58F196ACA0100BB5519 /* SMBluetoothManager.h in Headers */,
			);
			runOnlyForDeploymentPostprocessing = 0;
		};
/* End PBXHeadersBuildPhase section */

/* Begin PBXNativeTarget section */
		D2AAC07D0554694100DB518D /* receiptprinter */ = {
			isa = PBXNativeTarget;
			buildConfigurationList = 1DEB921E08733DC00010E9CD /* Build configuration list for PBXNativeTarget "receiptprinter" */;
			buildPhases = (
				D2AAC07A0554694100DB518D /* Headers */,
				D2AAC07B0554694100DB518D /* Sources */,
				D2AAC07C0554694100DB518D /* Frameworks */,
				22A2D57B1965AB0500BB5519 /* Resources */,
				22A2D5841965B03C00BB5519 /* CopyFiles */,
			);
			buildRules = (
			);
			dependencies = (
			);
			name = receiptprinter;
			productName = receiptprinter;
			productReference = D2AAC07E0554694100DB518D /* libComPeoplenetReceiptprinter.a */;
			productType = "com.apple.product-type.library.static";
		};
/* End PBXNativeTarget section */

/* Begin PBXProject section */
		0867D690FE84028FC02AAC07 /* Project object */ = {
			isa = PBXProject;
			attributes = {
				LastUpgradeCheck = 0510;
			};
			buildConfigurationList = 1DEB922208733DC00010E9CD /* Build configuration list for PBXProject "receiptprinter" */;
			compatibilityVersion = "Xcode 3.2";
			developmentRegion = English;
			hasScannedForEncodings = 1;
			knownRegions = (
				English,
				Japanese,
				French,
				German,
			);
			mainGroup = 0867D691FE84028FC02AAC07 /* receiptprinter */;
			productRefGroup = 034768DFFF38A50411DB9C8B /* Products */;
			projectDirPath = "";
			projectRoot = "";
			targets = (
				D2AAC07D0554694100DB518D /* receiptprinter */,
				24416B8111C4CA220047AFDD /* Build & Test */,
			);
		};
/* End PBXProject section */

/* Begin PBXResourcesBuildPhase section */
		22A2D57B1965AB0500BB5519 /* Resources */ = {
			isa = PBXResourcesBuildPhase;
			buildActionMask = 2147483647;
			files = (
				22A2D5A1196C714500BB5519 /* module.xcconfig in Resources */,
				22A2D59E196B4A4200BB5519 /* Info.plist in Resources */,
			);
			runOnlyForDeploymentPostprocessing = 0;
		};
/* End PBXResourcesBuildPhase section */

/* Begin PBXShellScriptBuildPhase section */
		24416B8011C4CA220047AFDD /* ShellScript */ = {
			isa = PBXShellScriptBuildPhase;
			buildActionMask = 2147483647;
			files = (
			);
			inputPaths = (
			);
			outputPaths = (
			);
			runOnlyForDeploymentPostprocessing = 0;
			shellPath = /bin/sh;
			shellScript = "# shell script goes here\n\npython \"${TITANIUM_SDK}/titanium.py\" run --dir=\"${PROJECT_DIR}\"\nexit $?\n";
		};
/* End PBXShellScriptBuildPhase section */

/* Begin PBXSourcesBuildPhase section */
		D2AAC07B0554694100DB518D /* Sources */ = {
			isa = PBXSourcesBuildPhase;
			buildActionMask = 2147483647;
			files = (
				22A2D5A9196C75A500BB5519 /* PPNStarPrinter.m in Sources */,
				24DD6CFA1134B3F500162E58 /* ComPeoplenetReceiptprinterModule.m in Sources */,
				24DE9E1211C5FE74003F90F6 /* ComPeoplenetReceiptprinterModuleAssets.m in Sources */,
			);
			runOnlyForDeploymentPostprocessing = 0;
		};
/* End PBXSourcesBuildPhase section */

/* Begin PBXTargetDependency section */
		24416B8511C4CA280047AFDD /* PBXTargetDependency */ = {
			isa = PBXTargetDependency;
			target = D2AAC07D0554694100DB518D /* receiptprinter */;
			targetProxy = 24416B8411C4CA280047AFDD /* PBXContainerItemProxy */;
		};
/* End PBXTargetDependency section */

/* Begin XCBuildConfiguration section */
		1DEB921F08733DC00010E9CD /* Debug */ = {
			isa = XCBuildConfiguration;
			baseConfigurationReference = 24DD6D1B1134B66800162E58 /* titanium.xcconfig */;
			buildSettings = {
				ARCHS = (
					armv7,
					i386,
					armv7s,
				);
				CODE_SIGN_IDENTITY = "iPhone Developer";
				"CODE_SIGN_IDENTITY[sdk=iphoneos*]" = "iPhone Developer";
				DSTROOT = /tmp/ComPeoplenetReceiptprinter.dst;
				FRAMEWORK_SEARCH_PATHS = (
					"$(inherited)",
					"$(PROJECT_DIR)",
				);
				GCC_C_LANGUAGE_STANDARD = c99;
				GCC_OPTIMIZATION_LEVEL = 0;
				GCC_PRECOMPILE_PREFIX_HEADER = YES;
				GCC_PREFIX_HEADER = ComPeoplenetReceiptprinter_Prefix.pch;
				GCC_PREPROCESSOR_DEFINITIONS = "TI_VERSION=$(TI_VERSION)";
				GCC_TREAT_WARNINGS_AS_ERRORS = NO;
				GCC_VERSION = "";
				GCC_WARN_ABOUT_RETURN_TYPE = NO;
				GCC_WARN_MISSING_PARENTHESES = NO;
				GCC_WARN_SHADOW = NO;
				GCC_WARN_STRICT_SELECTOR_MATCH = NO;
				GCC_WARN_UNUSED_FUNCTION = YES;
				GCC_WARN_UNUSED_PARAMETER = NO;
				GCC_WARN_UNUSED_VALUE = NO;
				GCC_WARN_UNUSED_VARIABLE = NO;
				INSTALL_PATH = /usr/local/lib;
				LIBRARY_SEARCH_PATHS = (
					"$(PROJECT_DIR)/StarIO.framework",
					"$(PROJECT_DIR)",
				);
				ONLY_ACTIVE_ARCH = NO;
				OTHER_CFLAGS = (
					"-DDEBUG",
					"-DTI_POST_1_2",
				);
				OTHER_LDFLAGS = (
					"-ObjC",
					"-framework",
					StarIO,
				);
				PRODUCT_NAME = ComPeoplenetReceiptprinter;
				PROVISIONING_PROFILE = "";
				"PROVISIONING_PROFILE[sdk=iphoneos*]" = "";
				RUN_CLANG_STATIC_ANALYZER = NO;
				SDKROOT = iphoneos;
				USER_HEADER_SEARCH_PATHS = "";
				VALID_ARCHS = "armv7 armv7s i386";
			};
			name = Debug;
		};
		1DEB922008733DC00010E9CD /* Release */ = {
			isa = XCBuildConfiguration;
			baseConfigurationReference = 24DD6D1B1134B66800162E58 /* titanium.xcconfig */;
			buildSettings = {
				ALWAYS_SEARCH_USER_PATHS = NO;
				ARCHS = (
					armv7,
					i386,
					armv7s,
				);
				DSTROOT = /tmp/ComPeoplenetReceiptprinter.dst;
				FRAMEWORK_SEARCH_PATHS = (
					"$(inherited)",
					"$(PROJECT_DIR)",
				);
				GCC_C_LANGUAGE_STANDARD = c99;
				GCC_MODEL_TUNING = G5;
				GCC_PRECOMPILE_PREFIX_HEADER = YES;
				GCC_PREFIX_HEADER = ComPeoplenetReceiptprinter_Prefix.pch;
				GCC_PREPROCESSOR_DEFINITIONS = "TI_VERSION=$(TI_VERSION)";
				GCC_TREAT_WARNINGS_AS_ERRORS = NO;
				GCC_VERSION = "";
				GCC_WARN_ABOUT_RETURN_TYPE = NO;
				GCC_WARN_MISSING_PARENTHESES = NO;
				GCC_WARN_SHADOW = NO;
				GCC_WARN_STRICT_SELECTOR_MATCH = NO;
				GCC_WARN_UNUSED_FUNCTION = YES;
				GCC_WARN_UNUSED_PARAMETER = NO;
				GCC_WARN_UNUSED_VALUE = NO;
				GCC_WARN_UNUSED_VARIABLE = NO;
				INSTALL_PATH = /usr/local/lib;
				IPHONEOS_DEPLOYMENT_TARGET = 4.0;
				LIBRARY_SEARCH_PATHS = (
					"$(PROJECT_DIR)/StarIO.framework",
					"$(PROJECT_DIR)",
				);
				ONLY_ACTIVE_ARCH = NO;
				OTHER_CFLAGS = "-DTI_POST_1_2";
				OTHER_LDFLAGS = (
					"-ObjC",
					"-framework",
					StarIO,
				);
				PRODUCT_NAME = ComPeoplenetReceiptprinter;
				RUN_CLANG_STATIC_ANALYZER = NO;
				SDKROOT = iphoneos;
				USER_HEADER_SEARCH_PATHS = "";
				VALID_ARCHS = "armv7 armv7s i386";
			};
			name = Release;
		};
		1DEB922308733DC00010E9CD /* Debug */ = {
			isa = XCBuildConfiguration;
			baseConfigurationReference = 24DD6D1B1134B66800162E58 /* titanium.xcconfig */;
			buildSettings = {
				ARCHS = (
					i386,
					armv7,
					armv7s,
				);
				CODE_SIGN_IDENTITY = "iPhone Developer";
				"CODE_SIGN_IDENTITY[sdk=iphoneos*]" = "iPhone Developer";
				DSTROOT = /tmp/ComPeoplenetReceiptprinter.dst;
				GCC_C_LANGUAGE_STANDARD = c99;
				GCC_OPTIMIZATION_LEVEL = 0;
				GCC_PRECOMPILE_PREFIX_HEADER = YES;
				GCC_PREFIX_HEADER = ComPeoplenetReceiptprinter_Prefix.pch;
				GCC_PREPROCESSOR_DEFINITIONS = "TI_VERSION=$(TI_VERSION)";
				GCC_TREAT_WARNINGS_AS_ERRORS = NO;
				GCC_VERSION = "";
				GCC_WARN_ABOUT_RETURN_TYPE = NO;
				GCC_WARN_MISSING_PARENTHESES = NO;
				GCC_WARN_SHADOW = NO;
				GCC_WARN_STRICT_SELECTOR_MATCH = NO;
				GCC_WARN_UNUSED_FUNCTION = YES;
				GCC_WARN_UNUSED_PARAMETER = NO;
				GCC_WARN_UNUSED_VALUE = NO;
				GCC_WARN_UNUSED_VARIABLE = NO;
				INSTALL_PATH = /usr/local/lib;
				ONLY_ACTIVE_ARCH = NO;
				OTHER_CFLAGS = (
					"-DDEBUG",
					"-DTI_POST_1_2",
				);
				OTHER_LDFLAGS = (
					"-ObjC",
					"-framework",
					StarIO,
				);
				PRODUCT_NAME = ComPeoplenetReceiptprinter;
				PROVISIONING_PROFILE = "";
				"PROVISIONING_PROFILE[sdk=iphoneos*]" = "";
				RUN_CLANG_STATIC_ANALYZER = NO;
				SDKROOT = iphoneos;
				USER_HEADER_SEARCH_PATHS = "";
				VALID_ARCHS = "armv7 armv7s i386";
			};
			name = Debug;
		};
		1DEB922408733DC00010E9CD /* Release */ = {
			isa = XCBuildConfiguration;
			baseConfigurationReference = 24DD6D1B1134B66800162E58 /* titanium.xcconfig */;
			buildSettings = {
				ALWAYS_SEARCH_USER_PATHS = NO;
				ARCHS = (
					i386,
					armv7,
					armv7s,
				);
				DSTROOT = /tmp/ComPeoplenetReceiptprinter.dst;
				GCC_C_LANGUAGE_STANDARD = c99;
				GCC_MODEL_TUNING = G5;
				GCC_PRECOMPILE_PREFIX_HEADER = YES;
				GCC_PREFIX_HEADER = ComPeoplenetReceiptprinter_Prefix.pch;
				GCC_PREPROCESSOR_DEFINITIONS = "TI_VERSION=$(TI_VERSION)";
				GCC_TREAT_WARNINGS_AS_ERRORS = NO;
				GCC_VERSION = "";
				GCC_WARN_ABOUT_RETURN_TYPE = NO;
				GCC_WARN_MISSING_PARENTHESES = NO;
				GCC_WARN_SHADOW = NO;
				GCC_WARN_STRICT_SELECTOR_MATCH = NO;
				GCC_WARN_UNUSED_FUNCTION = YES;
				GCC_WARN_UNUSED_PARAMETER = NO;
				GCC_WARN_UNUSED_VALUE = NO;
				GCC_WARN_UNUSED_VARIABLE = NO;
				INSTALL_PATH = /usr/local/lib;
				IPHONEOS_DEPLOYMENT_TARGET = 4.0;
				ONLY_ACTIVE_ARCH = NO;
				OTHER_CFLAGS = "-DTI_POST_1_2";
				OTHER_LDFLAGS = (
					"-ObjC",
					"-framework",
					StarIO,
				);
				PRODUCT_NAME = ComPeoplenetReceiptprinter;
				RUN_CLANG_STATIC_ANALYZER = NO;
				SDKROOT = iphoneos;
				USER_HEADER_SEARCH_PATHS = "";
				VALID_ARCHS = "armv7 armv7s i386";
			};
			name = Release;
		};
		24416B8211C4CA220047AFDD /* Debug */ = {
			isa = XCBuildConfiguration;
			baseConfigurationReference = 24DD6D1B1134B66800162E58 /* titanium.xcconfig */;
			buildSettings = {
				COPY_PHASE_STRIP = NO;
				GCC_DYNAMIC_NO_PIC = NO;
				GCC_OPTIMIZATION_LEVEL = 0;
				PRODUCT_NAME = "Build & test";
			};
			name = Debug;
		};
		24416B8311C4CA220047AFDD /* Release */ = {
			isa = XCBuildConfiguration;
			baseConfigurationReference = 24DD6D1B1134B66800162E58 /* titanium.xcconfig */;
			buildSettings = {
				COPY_PHASE_STRIP = YES;
				DEBUG_INFORMATION_FORMAT = "dwarf-with-dsym";
				GCC_ENABLE_FIX_AND_CONTINUE = NO;
				PRODUCT_NAME = "Build & test";
				ZERO_LINK = NO;
			};
			name = Release;
		};
/* End XCBuildConfiguration section */

/* Begin XCConfigurationList section */
		1DEB921E08733DC00010E9CD /* Build configuration list for PBXNativeTarget "receiptprinter" */ = {
			isa = XCConfigurationList;
			buildConfigurations = (
				1DEB921F08733DC00010E9CD /* Debug */,
				1DEB922008733DC00010E9CD /* Release */,
			);
			defaultConfigurationIsVisible = 0;
			defaultConfigurationName = Release;
		};
		1DEB922208733DC00010E9CD /* Build configuration list for PBXProject "receiptprinter" */ = {
			isa = XCConfigurationList;
			buildConfigurations = (
				1DEB922308733DC00010E9CD /* Debug */,
				1DEB922408733DC00010E9CD /* Release */,
			);
			defaultConfigurationIsVisible = 0;
			defaultConfigurationName = Release;
		};
		24416B8A11C4CA520047AFDD /* Build configuration list for PBXAggregateTarget "Build & Test" */ = {
			isa = XCConfigurationList;
			buildConfigurations = (
				24416B8211C4CA220047AFDD /* Debug */,
				24416B8311C4CA220047AFDD /* Release */,
			);
			defaultConfigurationIsVisible = 0;
			defaultConfigurationName = Release;
		};
/* End XCConfigurationList section */
	};
	rootObject = 0867D690FE84028FC02AAC07 /* Project object */;
}
